
Microsoft Visual Studio Solution File, Format Version 12.00
# Visual Studio 14
VisualStudioVersion = 14.0.25420.1
MinimumVisualStudioVersion = 10.0.40219.1
Project("{FAE04EC0-301F-11D3-BF4B-00C04F79EFBC}") = "LocatilesWebApp", "LocatilesWebApp\LocatilesWebApp.csproj", "{B50A9E7E-A4B4-4C0E-B01A-FDDB3F3C4729}"
EndProject
Project("{FAE04EC0-301F-11D3-BF4B-00C04F79EFBC}") = "DatabaseAPI", "..\DatabaseAPI\DatabaseAPI\DatabaseAPI.csproj", "{3FD12E40-227D-404D-8738-BB9266ADBBED}"
EndProject
Global
	GlobalSection(SolutionConfigurationPlatforms) = preSolution
		Debug|Any CPU = Debug|Any CPU
		Release|Any CPU = Release|Any CPU
	EndGlobalSection
	GlobalSection(ProjectConfigurationPlatforms) = postSolution
		{B50A9E7E-A4B4-4C0E-B01A-FDDB3F3C4729}.Debug|Any CPU.ActiveCfg = Debug|Any CPU
		{B50A9E7E-A4B4-4C0E-B01A-FDDB3F3C4729}.Debug|Any CPU.Build.0 = Debug|Any CPU
		{B50A9E7E-A4B4-4C0E-B01A-FDDB3F3C4729}.Release|Any CPU.ActiveCfg = Release|Any CPU
		{B50A9E7E-A4B4-4C0E-B01A-FDDB3F3C4729}.Release|Any CPU.Build.0 = Release|Any CPU
		{3FD12E40-227D-404D-8738-BB9266ADBBED}.Debug|Any CPU.ActiveCfg = Debug|Any CPU
		{3FD12E40-227D-404D-8738-BB9266ADBBED}.Debug|Any CPU.Build.0 = Debug|Any CPU
		{3FD12E40-227D-404D-8738-BB9266ADBBED}.Release|Any CPU.ActiveCfg = Release|Any CPU
		{3FD12E40-227D-404D-8738-BB9266ADBBED}.Release|Any CPU.Build.0 = Release|Any CPU
	EndGlobalSection
	GlobalSection(SolutionProperties) = preSolution
		HideSolutionNode = FALSE
	EndGlobalSection
EndGlobal
